// !$*UTF8*$!
{
	archiveVersion = 1;
	classes = {
	};
	objectVersion = 48;
	objects = {

/* Begin PBXBuildFile section */
		03686AF91F92806F008059C2 /* main.cpp in Sources */ = {isa = PBXBuildFile; fileRef = 03686AF81F92806F008059C2 /* main.cpp */; };
/* End PBXBuildFile section */

/* Begin PBXCopyFilesBuildPhase section */
		03686AF31F92806F008059C2 /* CopyFiles */ = {
			isa = PBXCopyFilesBuildPhase;
			buildActionMask = 8;
			dstPath = /usr/share/man/man1/;
			dstSubfolderSpec = 0;
			files = (
			);
			runOnlyForDeploymentPostprocessing = 1;
		};
/* End PBXCopyFilesBuildPhase section */

/* Begin PBXFileReference section */
		03686AF51F92806F008059C2 /* Visibility Graph Path Planning */ = {isa = PBXFileReference; explicitFileType = "compiled.mach-o.executable"; includeInIndex = 0; path = "Visibility Graph Path Planning"; sourceTree = BUILT_PRODUCTS_DIR; };
		03686AF81F92806F008059C2 /* main.cpp */ = {isa = PBXFileReference; lastKnownFileType = sourcecode.cpp.cpp; path = main.cpp; sourceTree = "<group>"; };
		03A7546C1F94D9C80022091A /* README.txt */ = {isa = PBXFileReference; fileEncoding = 4; lastKnownFileType = text; name = README.txt; path = "Visibility Graph Path Planning/README.txt"; sourceTree = SOURCE_ROOT; };
		03F76AB71F928ABC00D8AFCC /* search_functions.h */ = {isa = PBXFileReference; lastKnownFileType = sourcecode.c.h; path = search_functions.h; sourceTree = "<group>"; };
		03F76AB81F928ABC00D8AFCC /* List.cpp */ = {isa = PBXFileReference; lastKnownFileType = sourcecode.cpp.cpp; path = List.cpp; sourceTree = "<group>"; };
		03F76AB91F928ABC00D8AFCC /* List.h */ = {isa = PBXFileReference; lastKnownFileType = sourcecode.c.h; path = List.h; sourceTree = "<group>"; };
		03F76ABB1F928ABD00D8AFCC /* Tree.h */ = {isa = PBXFileReference; lastKnownFileType = sourcecode.c.h; path = Tree.h; sourceTree = "<group>"; };
		03F76ABC1F928ABD00D8AFCC /* search_functions.cpp */ = {isa = PBXFileReference; lastKnownFileType = sourcecode.cpp.cpp; path = search_functions.cpp; sourceTree = "<group>"; };
		03F76ABD1F928ABD00D8AFCC /* Tree_Node.h */ = {isa = PBXFileReference; lastKnownFileType = sourcecode.c.h; path = Tree_Node.h; sourceTree = "<group>"; };
		03F76ABE1F928ABD00D8AFCC /* main.cpp */ = {isa = PBXFileReference; lastKnownFileType = sourcecode.cpp.cpp; path = main.cpp; sourceTree = "<group>"; };
		03F76ABF1F928ABD00D8AFCC /* Tree.cpp */ = {isa = PBXFileReference; lastKnownFileType = sourcecode.cpp.cpp; path = Tree.cpp; sourceTree = "<group>"; };
		03F76AC41F929ED100D8AFCC /* polygons.txt */ = {isa = PBXFileReference; fileEncoding = 4; lastKnownFileType = text; path = polygons.txt; sourceTree = "<group>"; };
		03F76AC61F92A2D000D8AFCC /* preprocessing.h */ = {isa = PBXFileReference; lastKnownFileType = sourcecode.c.h; path = preprocessing.h; sourceTree = "<group>"; };
/* End PBXFileReference section */

/* Begin PBXFrameworksBuildPhase section */
		03686AF21F92806F008059C2 /* Frameworks */ = {
			isa = PBXFrameworksBuildPhase;
			buildActionMask = 2147483647;
			files = (
			);
			runOnlyForDeploymentPostprocessing = 0;
		};
/* End PBXFrameworksBuildPhase section */

/* Begin PBXGroup section */
		03686AEC1F92806F008059C2 = {
			isa = PBXGroup;
			children = (
				03F76AB61F928A9F00D8AFCC /* A-Star Search */,
				03686AF71F92806F008059C2 /* Visibility Graph Path Planning */,
				03686AF61F92806F008059C2 /* Products */,
			);
			sourceTree = "<group>";
		};
		03686AF61F92806F008059C2 /* Products */ = {
			isa = PBXGroup;
			children = (
				03686AF51F92806F008059C2 /* Visibility Graph Path Planning */,
			);
			name = Products;
			sourceTree = "<group>";
		};
		03686AF71F92806F008059C2 /* Visibility Graph Path Planning */ = {
			isa = PBXGroup;
			children = (
				03A7546C1F94D9C80022091A /* README.txt */,
				03F76AB81F928ABC00D8AFCC /* List.cpp */,
				03F76AB91F928ABC00D8AFCC /* List.h */,
				03686AF81F92806F008059C2 /* main.cpp */,
				03F76AC61F92A2D000D8AFCC /* preprocessing.h */,
				03F76AC41F929ED100D8AFCC /* polygons.txt */,
			);
			path = "Visibility Graph Path Planning";
			sourceTree = "<group>";
		};
		03F76AB61F928A9F00D8AFCC /* A-Star Search */ = {
			isa = PBXGroup;
			children = (
				03F76ABE1F928ABD00D8AFCC /* main.cpp */,
				03F76ABC1F928ABD00D8AFCC /* search_functions.cpp */,
				03F76AB71F928ABC00D8AFCC /* search_functions.h */,
				03F76ABD1F928ABD00D8AFCC /* Tree_Node.h */,
				03F76ABF1F928ABD00D8AFCC /* Tree.cpp */,
				03F76ABB1F928ABD00D8AFCC /* Tree.h */,
			);
			path = "A-Star Search";
			sourceTree = "<group>";
		};
/* End PBXGroup section */

/* Begin PBXNativeTarget section */
		03686AF41F92806F008059C2 /* Visibility Graph Path Planning */ = {
			isa = PBXNativeTarget;
			buildConfigurationList = 03686AFC1F92806F008059C2 /* Build configuration list for PBXNativeTarget "Visibility Graph Path Planning" */;
			buildPhases = (
				03686AF11F92806F008059C2 /* Sources */,
				03686AF21F92806F008059C2 /* Frameworks */,
				03686AF31F92806F008059C2 /* CopyFiles */,
			);
			buildRules = (
			);
			dependencies = (
			);
			name = "Visibility Graph Path Planning";
			productName = "Visibility Graph Path Planning";
			productReference = 03686AF51F92806F008059C2 /* Visibility Graph Path Planning */;
			productType = "com.apple.product-type.tool";
		};
/* End PBXNativeTarget section */

/* Begin PBXProject section */
		03686AED1F92806F008059C2 /* Project object */ = {
			isa = PBXProject;
			attributes = {
				LastUpgradeCheck = 0900;
				ORGANIZATIONNAME = "Joshua Wilhelm";
				TargetAttributes = {
					03686AF41F92806F008059C2 = {
						CreatedOnToolsVersion = 9.0;
						ProvisioningStyle = Automatic;
					};
				};
			};
			buildConfigurationList = 03686AF01F92806F008059C2 /* Build configuration list for PBXProject "Visibility Graph Path Planning" */;
			compatibilityVersion = "Xcode 8.0";
			developmentRegion = en;
			hasScannedForEncodings = 0;
			knownRegions = (
				en,
			);
			mainGroup = 03686AEC1F92806F008059C2;
			productRefGroup = 03686AF61F92806F008059C2 /* Products */;
			projectDirPath = "";
			projectRoot = "";
			targets = (
				03686AF41F92806F008059C2 /* Visibility Graph Path Planning */,
			);
		};
/* End PBXProject section */

/* Begin PBXSourcesBuildPhase section */
		03686AF11F92806F008059C2 /* Sources */ = {
			isa = PBXSourcesBuildPhase;
			buildActionMask = 2147483647;
			files = (
				03686AF91F92806F008059C2 /* main.cpp in Sources */,
			);
			runOnlyForDeploymentPostprocessing = 0;
		};
/* End PBXSourcesBuildPhase section */

/* Begin XCBuildConfiguration section */
		03686AFA1F92806F008059C2 /* Debug */ = {
			isa = XCBuildConfiguration;
			buildSettings = {
				ALWAYS_SEARCH_USER_PATHS = NO;
				CLANG_ANALYZER_NONNULL = YES;
				CLANG_ANALYZER_NUMBER_OBJECT_CONVERSION = YES_AGGRESSIVE;
				CLANG_CXX_LANGUAGE_STANDARD = "gnu++14";
				CLANG_CXX_LIBRARY = "libc++";
				CLANG_ENABLE_MODULES = YES;
				CLANG_ENABLE_OBJC_ARC = YES;
				CLANG_WARN_BLOCK_CAPTURE_AUTORELEASING = YES;
				CLANG_WARN_BOOL_CONVERSION = YES;
				CLANG_WARN_COMMA = YES;
				CLANG_WARN_CONSTANT_CONVERSION = YES;
				CLANG_WARN_DIRECT_OBJC_ISA_USAGE = YES_ERROR;
				CLANG_WARN_DOCUMENTATION_COMMENTS = YES;
				CLANG_WARN_EMPTY_BODY = YES;
				CLANG_WARN_ENUM_CONVERSION = YES;
				CLANG_WARN_INFINITE_RECURSION = YES;
				CLANG_WARN_INT_CONVERSION = YES;
				CLANG_WARN_NON_LITERAL_NULL_CONVERSION = YES;
				CLANG_WARN_OBJC_LITERAL_CONVERSION = YES;
				CLANG_WARN_OBJC_ROOT_CLASS = YES_ERROR;
				CLANG_WARN_RANGE_LOOP_ANALYSIS = YES;
				CLANG_WARN_STRICT_PROTOTYPES = YES;
				CLANG_WARN_SUSPICIOUS_MOVE = YES;
				CLANG_WARN_UNGUARDED_AVAILABILITY = YES_AGGRESSIVE;
				CLANG_WARN_UNREACHABLE_CODE = YES;
				CLANG_WARN__DUPLICATE_METHOD_MATCH = YES;
				CODE_SIGN_IDENTITY = "-";
				COPY_PHASE_STRIP = NO;
				DEBUG_INFORMATION_FORMAT = dwarf;
				ENABLE_STRICT_OBJC_MSGSEND = YES;
				ENABLE_TESTABILITY = YES;
				GCC_C_LANGUAGE_STANDARD = gnu11;
				GCC_DYNAMIC_NO_PIC = NO;
				GCC_NO_COMMON_BLOCKS = YES;
				GCC_OPTIMIZATION_LEVEL = 0;
				GCC_PREPROCESSOR_DEFINITIONS = (
					"DEBUG=1",
					"$(inherited)",
				);
				GCC_WARN_64_TO_32_BIT_CONVERSION = YES;
				GCC_WARN_ABOUT_RETURN_TYPE = YES_ERROR;
				GCC_WARN_UNDECLARED_SELECTOR = YES;
				GCC_WARN_UNINITIALIZED_AUTOS = YES_AGGRESSIVE;
				GCC_WARN_UNUSED_FUNCTION = YES;
				GCC_WARN_UNUSED_VARIABLE = YES;
				MACOSX_DEPLOYMENT_TARGET = 10.12;
				MTL_ENABLE_DEBUG_INFO = YES;
				ONLY_ACTIVE_ARCH = YES;
				SDKROOT = macosx;
			};
			name = Debug;
		};
		03686AFB1F92806F008059C2 /* Release */ = {
			isa = XCBuildConfiguration;
			buildSettings = {
				ALWAYS_SEARCH_USER_PATHS = NO;
				CLANG_ANALYZER_NONNULL = YES;
				CLANG_ANALYZER_NUMBER_OBJECT_CONVERSION = YES_AGGRESSIVE;
				CLANG_CXX_LANGUAGE_STANDARD = "gnu++14";
				CLANG_CXX_LIBRARY = "libc++";
				CLANG_ENABLE_MODULES = YES;
				CLANG_ENABLE_OBJC_ARC = YES;
				CLANG_WARN_BLOCK_CAPTURE_AUTORELEASING = YES;
				CLANG_WARN_BOOL_CONVERSION = YES;
				CLANG_WARN_COMMA = YES;
				CLANG_WARN_CONSTANT_CONVERSION = YES;
				CLANG_WARN_DIRECT_OBJC_ISA_USAGE = YES_ERROR;
				CLANG_WARN_DOCUMENTATION_COMMENTS = YES;
				CLANG_WARN_EMPTY_BODY = YES;
				CLANG_WARN_ENUM_CONVERSION = YES;
				CLANG_WARN_INFINITE_RECURSION = YES;
				CLANG_WARN_INT_CONVERSION = YES;
				CLANG_WARN_NON_LITERAL_NULL_CONVERSION = YES;
				CLANG_WARN_OBJC_LITERAL_CONVERSION = YES;
				CLANG_WARN_OBJC_ROOT_CLASS = YES_ERROR;
				CLANG_WARN_RANGE_LOOP_ANALYSIS = YES;
				CLANG_WARN_STRICT_PROTOTYPES = YES;
				CLANG_WARN_SUSPICIOUS_MOVE = YES;
				CLANG_WARN_UNGUARDED_AVAILABILITY = YES_AGGRESSIVE;
				CLANG_WARN_UNREACHABLE_CODE = YES;
				CLANG_WARN__DUPLICATE_METHOD_MATCH = YES;
				CODE_SIGN_IDENTITY = "-";
				COPY_PHASE_STRIP = NO;
				DEBUG_INFORMATION_FORMAT = "dwarf-with-dsym";
				ENABLE_NS_ASSERTIONS = NO;
				ENABLE_STRICT_OBJC_MSGSEND = YES;
				GCC_C_LANGUAGE_STANDARD = gnu11;
				GCC_NO_COMMON_BLOCKS = YES;
				GCC_WARN_64_TO_32_BIT_CONVERSION = YES;
				GCC_WARN_ABOUT_RETURN_TYPE = YES_ERROR;
				GCC_WARN_UNDECLARED_SELECTOR = YES;
				GCC_WARN_UNINITIALIZED_AUTOS = YES_AGGRESSIVE;
				GCC_WARN_UNUSED_FUNCTION = YES;
				GCC_WARN_UNUSED_VARIABLE = YES;
				MACOSX_DEPLOYMENT_TARGET = 10.12;
				MTL_ENABLE_DEBUG_INFO = NO;
				SDKROOT = macosx;
			};
			name = Release;
		};
		03686AFD1F92806F008059C2 /* Debug */ = {
			isa = XCBuildConfiguration;
			buildSettings = {
				CODE_SIGN_STYLE = Automatic;
				PRODUCT_NAME = "$(TARGET_NAME)";
			};
			name = Debug;
		};
		03686AFE1F92806F008059C2 /* Release */ = {
			isa = XCBuildConfiguration;
			buildSettings = {
				CODE_SIGN_STYLE = Automatic;
				PRODUCT_NAME = "$(TARGET_NAME)";
			};
			name = Release;
		};
/* End XCBuildConfiguration section */

/* Begin XCConfigurationList section */
		03686AF01F92806F008059C2 /* Build configuration list for PBXProject "Visibility Graph Path Planning" */ = {
			isa = XCConfigurationList;
			buildConfigurations = (
				03686AFA1F92806F008059C2 /* Debug */,
				03686AFB1F92806F008059C2 /* Release */,
			);
			defaultConfigurationIsVisible = 0;
			defaultConfigurationName = Release;
		};
		03686AFC1F92806F008059C2 /* Build configuration list for PBXNativeTarget "Visibility Graph Path Planning" */ = {
			isa = XCConfigurationList;
			buildConfigurations = (
				03686AFD1F92806F008059C2 /* Debug */,
				03686AFE1F92806F008059C2 /* Release */,
			);
			defaultConfigurationIsVisible = 0;
			defaultConfigurationName = Release;
		};
/* End XCConfigurationList section */
	};
	rootObject = 03686AED1F92806F008059C2 /* Project object */;
}
